
Microsoft Visual Studio Solution File, Format Version 12.00
# Visual Studio Version 17
VisualStudioVersion = 17.4.33213.308
MinimumVisualStudioVersion = 10.0.40219.1
Project("{FAE04EC0-301F-11D3-BF4B-00C04F79EFBC}") = "Reqres", "Reqres\Reqres.csproj", "{631BC8C4-97B8-468D-8AC5-7D53494AD08C}"
EndProject
Project("{FAE04EC0-301F-11D3-BF4B-00C04F79EFBC}") = "Demo_App", "Demo_App\Demo_App.csproj", "{7B41DCF5-1C7F-4274-9703-C4A8B8499F3A}"
EndProject
Project("{FAE04EC0-301F-11D3-BF4B-00C04F79EFBC}") = "Reqres_Test", "Reqres_Test\Reqres_Test.csproj", "{1169D1DF-728A-4A41-9D4C-E6072F31248F}"
EndProject
Global
	GlobalSection(SolutionConfigurationPlatforms) = preSolution
		Debug|Any CPU = Debug|Any CPU
		Release|Any CPU = Release|Any CPU
	EndGlobalSection
	GlobalSection(ProjectConfigurationPlatforms) = postSolution
		{631BC8C4-97B8-468D-8AC5-7D53494AD08C}.Debug|Any CPU.ActiveCfg = Debug|Any CPU
		{631BC8C4-97B8-468D-8AC5-7D53494AD08C}.Debug|Any CPU.Build.0 = Debug|Any CPU
		{631BC8C4-97B8-468D-8AC5-7D53494AD08C}.Release|Any CPU.ActiveCfg = Release|Any CPU
		{631BC8C4-97B8-468D-8AC5-7D53494AD08C}.Release|Any CPU.Build.0 = Release|Any CPU
		{7B41DCF5-1C7F-4274-9703-C4A8B8499F3A}.Debug|Any CPU.ActiveCfg = Debug|Any CPU
		{7B41DCF5-1C7F-4274-9703-C4A8B8499F3A}.Debug|Any CPU.Build.0 = Debug|Any CPU
		{7B41DCF5-1C7F-4274-9703-C4A8B8499F3A}.Release|Any CPU.ActiveCfg = Release|Any CPU
		{7B41DCF5-1C7F-4274-9703-C4A8B8499F3A}.Release|Any CPU.Build.0 = Release|Any CPU
		{1169D1DF-728A-4A41-9D4C-E6072F31248F}.Debug|Any CPU.ActiveCfg = Debug|Any CPU
		{1169D1DF-728A-4A41-9D4C-E6072F31248F}.Debug|Any CPU.Build.0 = Debug|Any CPU
		{1169D1DF-728A-4A41-9D4C-E6072F31248F}.Release|Any CPU.ActiveCfg = Release|Any CPU
		{1169D1DF-728A-4A41-9D4C-E6072F31248F}.Release|Any CPU.Build.0 = Release|Any CPU
	EndGlobalSection
	GlobalSection(SolutionProperties) = preSolution
		HideSolutionNode = FALSE
	EndGlobalSection
	GlobalSection(ExtensibilityGlobals) = postSolution
		SolutionGuid = {A3D98AAD-A29E-4D95-8474-1CCA5D9911C5}
	EndGlobalSection
EndGlobal
